
Microsoft Visual Studio Solution File, Format Version 12.00
# Visual Studio Version 16
VisualStudioVersion = 16.0.29009.5
MinimumVisualStudioVersion = 10.0.40219.1
Project("{888888A0-9F3D-457C-B088-3A5042F75D52}") = "Photo Album2", "Photo Album2\Photo Album2.pyproj", "{18A39383-618E-4FCB-BC07-7F4945F70728}"
EndProject
Global
	GlobalSection(SolutionConfigurationPlatforms) = preSolution
		Debug|Any CPU = Debug|Any CPU
		Release|Any CPU = Release|Any CPU
	EndGlobalSection
	GlobalSection(ProjectConfigurationPlatforms) = postSolution
		{18A39383-618E-4FCB-BC07-7F4945F70728}.Debug|Any CPU.ActiveCfg = Debug|Any CPU
		{18A39383-618E-4FCB-BC07-7F4945F70728}.Debug|Any CPU.Build.0 = Debug|Any CPU
		{18A39383-618E-4FCB-BC07-7F4945F70728}.Release|Any CPU.ActiveCfg = Release|Any CPU
		{18A39383-618E-4FCB-BC07-7F4945F70728}.Release|Any CPU.Build.0 = Release|Any CPU
	EndGlobalSection
	GlobalSection(SolutionProperties) = preSolution
		HideSolutionNode = FALSE
	EndGlobalSection
	GlobalSection(ExtensibilityGlobals) = postSolution
		SolutionGuid = {498403AC-89F3-415A-9E84-12A317B87CB7}
	EndGlobalSection
EndGlobal
